<?xml version="1.0" encoding="UTF-8" standalone="yes" ?>
<CodeBlocks_project_file>
	<FileVersion major="1" minor="6" />
	<Project>
		<Option title="Demo2" />
		<Option pch_mode="2" />
		<Option compiler="gcc" />
		<Build>
			<Target title="Debug">
				<Option output="bin/Debug/Demo2" prefix_auto="1" extension_auto="1" />
				<Option object_output="obj/Debug/" />
				<Option type="1" />
				<Option compiler="gcc" />
				<Compiler>
					<Add option="-g" />
				</Compiler>
			</Target>
			<Target title="Release">
				<Option output="bin/Release/Demo2" prefix_auto="1" extension_auto="1" />
				<Option object_output="obj/Release/" />
				<Option type="1" />
				<Option compiler="gcc" />
				<Compiler>
					<Add option="-O2" />
				</Compiler>
				<Linker>
					<Add option="-s" />
				</Linker>
			</Target>
		</Build>
		<Compiler>
			<Add option="-Wall" />
			<Add option="-std=c99" />
			<Add directory="../sdl/include" />
		</Compiler>
		<Linker>
			<Add option="-luser32" />
			<Add option="-lmingw32 -lSDL2main -lSDL2" />
			<Add option="-lopengl32 -lglu32 -lgdi32" />
			<Add library="user32" />
			<Add directory="../sdl/i686-w64-mingw32/lib" />
		</Linker>
		<Unit filename="glElements.c">
			<Option compilerVar="CC" />
		</Unit>
		<Unit filename="glElements.h" />
		<Unit filename="main.c">
			<Option compilerVar="CC" />
		</Unit>
		<Unit filename="parameters.h" />
		<Unit filename="scenes/1.txt" />
		<Unit filename="shaders/fragment shader" />
		<Unit filename="shaders/geometry shader" />
		<Unit filename="shaders/vertex shader" />
		<Unit filename="types.c">
			<Option compilerVar="CC" />
		</Unit>
		<Unit filename="types.h" />
		<Extensions>
			<code_completion />
			<envvars />
			<debugger />
			<lib_finder disable_auto="1" />
		</Extensions>
	</Project>
</CodeBlocks_project_file>
